// !$*UTF8*$!
{
	archiveVersion = 1;
	classes = {
	};
	objectVersion = 56;
	objects = {

/* Begin PBXBuildFile section */
		063106D529ECD08200BB4A62 /* AppDelegate.swift in Sources */ = {isa = PBXBuildFile; fileRef = 063106D429ECD08200BB4A62 /* AppDelegate.swift */; };
		063106D729ECD08300BB4A62 /* GameScene.sks in Resources */ = {isa = PBXBuildFile; fileRef = 063106D629ECD08300BB4A62 /* GameScene.sks */; };
		063106D929ECD08300BB4A62 /* Actions.sks in Resources */ = {isa = PBXBuildFile; fileRef = 063106D829ECD08300BB4A62 /* Actions.sks */; };
		063106DB29ECD08300BB4A62 /* GameScene.swift in Sources */ = {isa = PBXBuildFile; fileRef = 063106DA29ECD08300BB4A62 /* GameScene.swift */; };
		063106DD29ECD08300BB4A62 /* GameViewController.swift in Sources */ = {isa = PBXBuildFile; fileRef = 063106DC29ECD08300BB4A62 /* GameViewController.swift */; };
		063106E029ECD08300BB4A62 /* Main.storyboard in Resources */ = {isa = PBXBuildFile; fileRef = 063106DE29ECD08300BB4A62 /* Main.storyboard */; };
		063106E229ECD08600BB4A62 /* Assets.xcassets in Resources */ = {isa = PBXBuildFile; fileRef = 063106E129ECD08600BB4A62 /* Assets.xcassets */; };
		063106E529ECD08600BB4A62 /* LaunchScreen.storyboard in Resources */ = {isa = PBXBuildFile; fileRef = 063106E329ECD08600BB4A62 /* LaunchScreen.storyboard */; };
		063106EF29ECD08700BB4A62 /* PongGameTests.swift in Sources */ = {isa = PBXBuildFile; fileRef = 063106EE29ECD08700BB4A62 /* PongGameTests.swift */; };
		063106F929ECD08700BB4A62 /* PongGameUITests.swift in Sources */ = {isa = PBXBuildFile; fileRef = 063106F829ECD08700BB4A62 /* PongGameUITests.swift */; };
		063106FB29ECD08700BB4A62 /* PongGameUITestsLaunchTests.swift in Sources */ = {isa = PBXBuildFile; fileRef = 063106FA29ECD08700BB4A62 /* PongGameUITestsLaunchTests.swift */; };
		068342D529EF648B009DA3CF /* MainMenuViewController.swift in Sources */ = {isa = PBXBuildFile; fileRef = 068342D429EF648B009DA3CF /* MainMenuViewController.swift */; };
/* End PBXBuildFile section */

/* Begin PBXContainerItemProxy section */
		063106EB29ECD08700BB4A62 /* PBXContainerItemProxy */ = {
			isa = PBXContainerItemProxy;
			containerPortal = 063106C929ECD08200BB4A62 /* Project object */;
			proxyType = 1;
			remoteGlobalIDString = 063106D029ECD08200BB4A62;
			remoteInfo = PongGame;
		};
		063106F529ECD08700BB4A62 /* PBXContainerItemProxy */ = {
			isa = PBXContainerItemProxy;
			containerPortal = 063106C929ECD08200BB4A62 /* Project object */;
			proxyType = 1;
			remoteGlobalIDString = 063106D029ECD08200BB4A62;
			remoteInfo = PongGame;
		};
/* End PBXContainerItemProxy section */

/* Begin PBXFileReference section */
		063106D129ECD08200BB4A62 /* PongGame.app */ = {isa = PBXFileReference; explicitFileType = wrapper.application; includeInIndex = 0; path = PongGame.app; sourceTree = BUILT_PRODUCTS_DIR; };
		063106D429ECD08200BB4A62 /* AppDelegate.swift */ = {isa = PBXFileReference; lastKnownFileType = sourcecode.swift; path = AppDelegate.swift; sourceTree = "<group>"; };
		063106D629ECD08300BB4A62 /* GameScene.sks */ = {isa = PBXFileReference; lastKnownFileType = file.sks; path = GameScene.sks; sourceTree = "<group>"; };
		063106D829ECD08300BB4A62 /* Actions.sks */ = {isa = PBXFileReference; lastKnownFileType = file.sks; path = Actions.sks; sourceTree = "<group>"; };
		063106DA29ECD08300BB4A62 /* GameScene.swift */ = {isa = PBXFileReference; lastKnownFileType = sourcecode.swift; path = GameScene.swift; sourceTree = "<group>"; };
		063106DC29ECD08300BB4A62 /* GameViewController.swift */ = {isa = PBXFileReference; lastKnownFileType = sourcecode.swift; path = GameViewController.swift; sourceTree = "<group>"; };
		063106DF29ECD08300BB4A62 /* Base */ = {isa = PBXFileReference; lastKnownFileType = file.storyboard; name = Base; path = Base.lproj/Main.storyboard; sourceTree = "<group>"; };
		063106E129ECD08600BB4A62 /* Assets.xcassets */ = {isa = PBXFileReference; lastKnownFileType = folder.assetcatalog; path = Assets.xcassets; sourceTree = "<group>"; };
		063106E429ECD08600BB4A62 /* Base */ = {isa = PBXFileReference; lastKnownFileType = file.storyboard; name = Base; path = Base.lproj/LaunchScreen.storyboard; sourceTree = "<group>"; };
		063106EA29ECD08700BB4A62 /* PongGameTests.xctest */ = {isa = PBXFileReference; explicitFileType = wrapper.cfbundle; includeInIndex = 0; path = PongGameTests.xctest; sourceTree = BUILT_PRODUCTS_DIR; };
		063106EE29ECD08700BB4A62 /* PongGameTests.swift */ = {isa = PBXFileReference; lastKnownFileType = sourcecode.swift; path = PongGameTests.swift; sourceTree = "<group>"; };
		063106F429ECD08700BB4A62 /* PongGameUITests.xctest */ = {isa = PBXFileReference; explicitFileType = wrapper.cfbundle; includeInIndex = 0; path = PongGameUITests.xctest; sourceTree = BUILT_PRODUCTS_DIR; };
		063106F829ECD08700BB4A62 /* PongGameUITests.swift */ = {isa = PBXFileReference; lastKnownFileType = sourcecode.swift; path = PongGameUITests.swift; sourceTree = "<group>"; };
		063106FA29ECD08700BB4A62 /* PongGameUITestsLaunchTests.swift */ = {isa = PBXFileReference; lastKnownFileType = sourcecode.swift; path = PongGameUITestsLaunchTests.swift; sourceTree = "<group>"; };
		068342D429EF648B009DA3CF /* MainMenuViewController.swift */ = {isa = PBXFileReference; lastKnownFileType = sourcecode.swift; path = MainMenuViewController.swift; sourceTree = "<group>"; };
/* End PBXFileReference section */

/* Begin PBXFrameworksBuildPhase section */
		063106CE29ECD08200BB4A62 /* Frameworks */ = {
			isa = PBXFrameworksBuildPhase;
			buildActionMask = 2147483647;
			files = (
			);
			runOnlyForDeploymentPostprocessing = 0;
		};
		063106E729ECD08700BB4A62 /* Frameworks */ = {
			isa = PBXFrameworksBuildPhase;
			buildActionMask = 2147483647;
			files = (
			);
			runOnlyForDeploymentPostprocessing = 0;
		};
		063106F129ECD08700BB4A62 /* Frameworks */ = {
			isa = PBXFrameworksBuildPhase;
			buildActionMask = 2147483647;
			files = (
			);
			runOnlyForDeploymentPostprocessing = 0;
		};
/* End PBXFrameworksBuildPhase section */

/* Begin PBXGroup section */
		063106C829ECD08200BB4A62 = {
			isa = PBXGroup;
			children = (
				063106D329ECD08200BB4A62 /* PongGame */,
				063106ED29ECD08700BB4A62 /* PongGameTests */,
				063106F729ECD08700BB4A62 /* PongGameUITests */,
				063106D229ECD08200BB4A62 /* Products */,
			);
			sourceTree = "<group>";
		};
		063106D229ECD08200BB4A62 /* Products */ = {
			isa = PBXGroup;
			children = (
				063106D129ECD08200BB4A62 /* PongGame.app */,
				063106EA29ECD08700BB4A62 /* PongGameTests.xctest */,
				063106F429ECD08700BB4A62 /* PongGameUITests.xctest */,
			);
			name = Products;
			sourceTree = "<group>";
		};
		063106D329ECD08200BB4A62 /* PongGame */ = {
			isa = PBXGroup;
			children = (
				063106D429ECD08200BB4A62 /* AppDelegate.swift */,
				063106D629ECD08300BB4A62 /* GameScene.sks */,
				063106D829ECD08300BB4A62 /* Actions.sks */,
				063106DA29ECD08300BB4A62 /* GameScene.swift */,
				063106DC29ECD08300BB4A62 /* GameViewController.swift */,
				063106DE29ECD08300BB4A62 /* Main.storyboard */,
				068342D429EF648B009DA3CF /* MainMenuViewController.swift */,
				063106E129ECD08600BB4A62 /* Assets.xcassets */,
				063106E329ECD08600BB4A62 /* LaunchScreen.storyboard */,
			);
			path = PongGame;
			sourceTree = "<group>";
		};
		063106ED29ECD08700BB4A62 /* PongGameTests */ = {
			isa = PBXGroup;
			children = (
				063106EE29ECD08700BB4A62 /* PongGameTests.swift */,
			);
			path = PongGameTests;
			sourceTree = "<group>";
		};
		063106F729ECD08700BB4A62 /* PongGameUITests */ = {
			isa = PBXGroup;
			children = (
				063106F829ECD08700BB4A62 /* PongGameUITests.swift */,
				063106FA29ECD08700BB4A62 /* PongGameUITestsLaunchTests.swift */,
			);
			path = PongGameUITests;
			sourceTree = "<group>";
		};
/* End PBXGroup section */

/* Begin PBXNativeTarget section */
		063106D029ECD08200BB4A62 /* PongGame */ = {
			isa = PBXNativeTarget;
			buildConfigurationList = 063106FE29ECD08700BB4A62 /* Build configuration list for PBXNativeTarget "PongGame" */;
			buildPhases = (
				063106CD29ECD08200BB4A62 /* Sources */,
				063106CE29ECD08200BB4A62 /* Frameworks */,
				063106CF29ECD08200BB4A62 /* Resources */,
			);
			buildRules = (
			);
			dependencies = (
			);
			name = PongGame;
			productName = PongGame;
			productReference = 063106D129ECD08200BB4A62 /* PongGame.app */;
			productType = "com.apple.product-type.application";
		};
		063106E929ECD08700BB4A62 /* PongGameTests */ = {
			isa = PBXNativeTarget;
			buildConfigurationList = 0631070129ECD08700BB4A62 /* Build configuration list for PBXNativeTarget "PongGameTests" */;
			buildPhases = (
				063106E629ECD08700BB4A62 /* Sources */,
				063106E729ECD08700BB4A62 /* Frameworks */,
				063106E829ECD08700BB4A62 /* Resources */,
			);
			buildRules = (
			);
			dependencies = (
				063106EC29ECD08700BB4A62 /* PBXTargetDependency */,
			);
			name = PongGameTests;
			productName = PongGameTests;
			productReference = 063106EA29ECD08700BB4A62 /* PongGameTests.xctest */;
			productType = "com.apple.product-type.bundle.unit-test";
		};
		063106F329ECD08700BB4A62 /* PongGameUITests */ = {
			isa = PBXNativeTarget;
			buildConfigurationList = 0631070429ECD08700BB4A62 /* Build configuration list for PBXNativeTarget "PongGameUITests" */;
			buildPhases = (
				063106F029ECD08700BB4A62 /* Sources */,
				063106F129ECD08700BB4A62 /* Frameworks */,
				063106F229ECD08700BB4A62 /* Resources */,
			);
			buildRules = (
			);
			dependencies = (
				063106F629ECD08700BB4A62 /* PBXTargetDependency */,
			);
			name = PongGameUITests;
			productName = PongGameUITests;
			productReference = 063106F429ECD08700BB4A62 /* PongGameUITests.xctest */;
			productType = "com.apple.product-type.bundle.ui-testing";
		};
/* End PBXNativeTarget section */

/* Begin PBXProject section */
		063106C929ECD08200BB4A62 /* Project object */ = {
			isa = PBXProject;
			attributes = {
				BuildIndependentTargetsInParallel = 1;
				LastSwiftUpdateCheck = 1420;
				LastUpgradeCheck = 1420;
				TargetAttributes = {
					063106D029ECD08200BB4A62 = {
						CreatedOnToolsVersion = 14.2;
					};
					063106E929ECD08700BB4A62 = {
						CreatedOnToolsVersion = 14.2;
						TestTargetID = 063106D029ECD08200BB4A62;
					};
					063106F329ECD08700BB4A62 = {
						CreatedOnToolsVersion = 14.2;
						TestTargetID = 063106D029ECD08200BB4A62;
					};
				};
			};
			buildConfigurationList = 063106CC29ECD08200BB4A62 /* Build configuration list for PBXProject "PongGame" */;
			compatibilityVersion = "Xcode 14.0";
			developmentRegion = en;
			hasScannedForEncodings = 0;
			knownRegions = (
				en,
				Base,
			);
			mainGroup = 063106C829ECD08200BB4A62;
			productRefGroup = 063106D229ECD08200BB4A62 /* Products */;
			projectDirPath = "";
			projectRoot = "";
			targets = (
				063106D029ECD08200BB4A62 /* PongGame */,
				063106E929ECD08700BB4A62 /* PongGameTests */,
				063106F329ECD08700BB4A62 /* PongGameUITests */,
			);
		};
/* End PBXProject section */

/* Begin PBXResourcesBuildPhase section */
		063106CF29ECD08200BB4A62 /* Resources */ = {
			isa = PBXResourcesBuildPhase;
			buildActionMask = 2147483647;
			files = (
				063106E029ECD08300BB4A62 /* Main.storyboard in Resources */,
				063106D729ECD08300BB4A62 /* GameScene.sks in Resources */,
				063106E229ECD08600BB4A62 /* Assets.xcassets in Resources */,
				063106E529ECD08600BB4A62 /* LaunchScreen.storyboard in Resources */,
				063106D929ECD08300BB4A62 /* Actions.sks in Resources */,
			);
			runOnlyForDeploymentPostprocessing = 0;
		};
		063106E829ECD08700BB4A62 /* Resources */ = {
			isa = PBXResourcesBuildPhase;
			buildActionMask = 2147483647;
			files = (
			);
			runOnlyForDeploymentPostprocessing = 0;
		};
		063106F229ECD08700BB4A62 /* Resources */ = {
			isa = PBXResourcesBuildPhase;
			buildActionMask = 2147483647;
			files = (
			);
			runOnlyForDeploymentPostprocessing = 0;
		};
/* End PBXResourcesBuildPhase section */

/* Begin PBXSourcesBuildPhase section */
		063106CD29ECD08200BB4A62 /* Sources */ = {
			isa = PBXSourcesBuildPhase;
			buildActionMask = 2147483647;
			files = (
				068342D529EF648B009DA3CF /* MainMenuViewController.swift in Sources */,
				063106DB29ECD08300BB4A62 /* GameScene.swift in Sources */,
				063106DD29ECD08300BB4A62 /* GameViewController.swift in Sources */,
				063106D529ECD08200BB4A62 /* AppDelegate.swift in Sources */,
			);
			runOnlyForDeploymentPostprocessing = 0;
		};
		063106E629ECD08700BB4A62 /* Sources */ = {
			isa = PBXSourcesBuildPhase;
			buildActionMask = 2147483647;
			files = (
				063106EF29ECD08700BB4A62 /* PongGameTests.swift in Sources */,
			);
			runOnlyForDeploymentPostprocessing = 0;
		};
		063106F029ECD08700BB4A62 /* Sources */ = {
			isa = PBXSourcesBuildPhase;
			buildActionMask = 2147483647;
			files = (
				063106FB29ECD08700BB4A62 /* PongGameUITestsLaunchTests.swift in Sources */,
				063106F929ECD08700BB4A62 /* PongGameUITests.swift in Sources */,
			);
			runOnlyForDeploymentPostprocessing = 0;
		};
/* End PBXSourcesBuildPhase section */

/* Begin PBXTargetDependency section */
		063106EC29ECD08700BB4A62 /* PBXTargetDependency */ = {
			isa = PBXTargetDependency;
			target = 063106D029ECD08200BB4A62 /* PongGame */;
			targetProxy = 063106EB29ECD08700BB4A62 /* PBXContainerItemProxy */;
		};
		063106F629ECD08700BB4A62 /* PBXTargetDependency */ = {
			isa = PBXTargetDependency;
			target = 063106D029ECD08200BB4A62 /* PongGame */;
			targetProxy = 063106F529ECD08700BB4A62 /* PBXContainerItemProxy */;
		};
/* End PBXTargetDependency section */

/* Begin PBXVariantGroup section */
		063106DE29ECD08300BB4A62 /* Main.storyboard */ = {
			isa = PBXVariantGroup;
			children = (
				063106DF29ECD08300BB4A62 /* Base */,
			);
			name = Main.storyboard;
			sourceTree = "<group>";
		};
		063106E329ECD08600BB4A62 /* LaunchScreen.storyboard */ = {
			isa = PBXVariantGroup;
			children = (
				063106E429ECD08600BB4A62 /* Base */,
			);
			name = LaunchScreen.storyboard;
			sourceTree = "<group>";
		};
/* End PBXVariantGroup section */

/* Begin XCBuildConfiguration section */
		063106FC29ECD08700BB4A62 /* Debug */ = {
			isa = XCBuildConfiguration;
			buildSettings = {
				ALWAYS_SEARCH_USER_PATHS = NO;
				CLANG_ANALYZER_NONNULL = YES;
				CLANG_ANALYZER_NUMBER_OBJECT_CONVERSION = YES_AGGRESSIVE;
				CLANG_CXX_LANGUAGE_STANDARD = "gnu++20";
				CLANG_ENABLE_MODULES = YES;
				CLANG_ENABLE_OBJC_ARC = YES;
				CLANG_ENABLE_OBJC_WEAK = YES;
				CLANG_WARN_BLOCK_CAPTURE_AUTORELEASING = YES;
				CLANG_WARN_BOOL_CONVERSION = YES;
				CLANG_WARN_COMMA = YES;
				CLANG_WARN_CONSTANT_CONVERSION = YES;
				CLANG_WARN_DEPRECATED_OBJC_IMPLEMENTATIONS = YES;
				CLANG_WARN_DIRECT_OBJC_ISA_USAGE = YES_ERROR;
				CLANG_WARN_DOCUMENTATION_COMMENTS = YES;
				CLANG_WARN_EMPTY_BODY = YES;
				CLANG_WARN_ENUM_CONVERSION = YES;
				CLANG_WARN_INFINITE_RECURSION = YES;
				CLANG_WARN_INT_CONVERSION = YES;
				CLANG_WARN_NON_LITERAL_NULL_CONVERSION = YES;
				CLANG_WARN_OBJC_IMPLICIT_RETAIN_SELF = YES;
				CLANG_WARN_OBJC_LITERAL_CONVERSION = YES;
				CLANG_WARN_OBJC_ROOT_CLASS = YES_ERROR;
				CLANG_WARN_QUOTED_INCLUDE_IN_FRAMEWORK_HEADER = YES;
				CLANG_WARN_RANGE_LOOP_ANALYSIS = YES;
				CLANG_WARN_STRICT_PROTOTYPES = YES;
				CLANG_WARN_SUSPICIOUS_MOVE = YES;
				CLANG_WARN_UNGUARDED_AVAILABILITY = YES_AGGRESSIVE;
				CLANG_WARN_UNREACHABLE_CODE = YES;
				CLANG_WARN__DUPLICATE_METHOD_MATCH = YES;
				COPY_PHASE_STRIP = NO;
				DEBUG_INFORMATION_FORMAT = dwarf;
				ENABLE_STRICT_OBJC_MSGSEND = YES;
				ENABLE_TESTABILITY = YES;
				GCC_C_LANGUAGE_STANDARD = gnu11;
				GCC_DYNAMIC_NO_PIC = NO;
				GCC_NO_COMMON_BLOCKS = YES;
				GCC_OPTIMIZATION_LEVEL = 0;
				GCC_PREPROCESSOR_DEFINITIONS = (
					"DEBUG=1",
					"$(inherited)",
				);
				GCC_WARN_64_TO_32_BIT_CONVERSION = YES;
				GCC_WARN_ABOUT_RETURN_TYPE = YES_ERROR;
				GCC_WARN_UNDECLARED_SELECTOR = YES;
				GCC_WARN_UNINITIALIZED_AUTOS = YES_AGGRESSIVE;
				GCC_WARN_UNUSED_FUNCTION = YES;
				GCC_WARN_UNUSED_VARIABLE = YES;
				IPHONEOS_DEPLOYMENT_TARGET = 16.2;
				MTL_ENABLE_DEBUG_INFO = INCLUDE_SOURCE;
				MTL_FAST_MATH = YES;
				ONLY_ACTIVE_ARCH = YES;
				SDKROOT = iphoneos;
				SWIFT_ACTIVE_COMPILATION_CONDITIONS = DEBUG;
				SWIFT_OPTIMIZATION_LEVEL = "-Onone";
			};
			name = Debug;
		};
		063106FD29ECD08700BB4A62 /* Release */ = {
			isa = XCBuildConfiguration;
			buildSettings = {
				ALWAYS_SEARCH_USER_PATHS = NO;
				CLANG_ANALYZER_NONNULL = YES;
				CLANG_ANALYZER_NUMBER_OBJECT_CONVERSION = YES_AGGRESSIVE;
				CLANG_CXX_LANGUAGE_STANDARD = "gnu++20";
				CLANG_ENABLE_MODULES = YES;
				CLANG_ENABLE_OBJC_ARC = YES;
				CLANG_ENABLE_OBJC_WEAK = YES;
				CLANG_WARN_BLOCK_CAPTURE_AUTORELEASING = YES;
				CLANG_WARN_BOOL_CONVERSION = YES;
				CLANG_WARN_COMMA = YES;
				CLANG_WARN_CONSTANT_CONVERSION = YES;
				CLANG_WARN_DEPRECATED_OBJC_IMPLEMENTATIONS = YES;
				CLANG_WARN_DIRECT_OBJC_ISA_USAGE = YES_ERROR;
				CLANG_WARN_DOCUMENTATION_COMMENTS = YES;
				CLANG_WARN_EMPTY_BODY = YES;
				CLANG_WARN_ENUM_CONVERSION = YES;
				CLANG_WARN_INFINITE_RECURSION = YES;
				CLANG_WARN_INT_CONVERSION = YES;
				CLANG_WARN_NON_LITERAL_NULL_CONVERSION = YES;
				CLANG_WARN_OBJC_IMPLICIT_RETAIN_SELF = YES;
				CLANG_WARN_OBJC_LITERAL_CONVERSION = YES;
				CLANG_WARN_OBJC_ROOT_CLASS = YES_ERROR;
				CLANG_WARN_QUOTED_INCLUDE_IN_FRAMEWORK_HEADER = YES;
				CLANG_WARN_RANGE_LOOP_ANALYSIS = YES;
				CLANG_WARN_STRICT_PROTOTYPES = YES;
				CLANG_WARN_SUSPICIOUS_MOVE = YES;
				CLANG_WARN_UNGUARDED_AVAILABILITY = YES_AGGRESSIVE;
				CLANG_WARN_UNREACHABLE_CODE = YES;
				CLANG_WARN__DUPLICATE_METHOD_MATCH = YES;
				COPY_PHASE_STRIP = NO;
				DEBUG_INFORMATION_FORMAT = "dwarf-with-dsym";
				ENABLE_NS_ASSERTIONS = NO;
				ENABLE_STRICT_OBJC_MSGSEND = YES;
				GCC_C_LANGUAGE_STANDARD = gnu11;
				GCC_NO_COMMON_BLOCKS = YES;
				GCC_WARN_64_TO_32_BIT_CONVERSION = YES;
				GCC_WARN_ABOUT_RETURN_TYPE = YES_ERROR;
				GCC_WARN_UNDECLARED_SELECTOR = YES;
				GCC_WARN_UNINITIALIZED_AUTOS = YES_AGGRESSIVE;
				GCC_WARN_UNUSED_FUNCTION = YES;
				GCC_WARN_UNUSED_VARIABLE = YES;
				IPHONEOS_DEPLOYMENT_TARGET = 16.2;
				MTL_ENABLE_DEBUG_INFO = NO;
				MTL_FAST_MATH = YES;
				SDKROOT = iphoneos;
				SWIFT_COMPILATION_MODE = wholemodule;
				SWIFT_OPTIMIZATION_LEVEL = "-O";
				VALIDATE_PRODUCT = YES;
			};
			name = Release;
		};
		063106FF29ECD08700BB4A62 /* Debug */ = {
			isa = XCBuildConfiguration;
			buildSettings = {
				ASSETCATALOG_COMPILER_APPICON_NAME = AppIcon;
				ASSETCATALOG_COMPILER_GLOBAL_ACCENT_COLOR_NAME = AccentColor;
				CODE_SIGN_STYLE = Automatic;
				CURRENT_PROJECT_VERSION = 1;
				DEVELOPMENT_TEAM = LNY8R984DX;
				GENERATE_INFOPLIST_FILE = YES;
				INFOPLIST_KEY_LSApplicationCategoryType = "public.app-category.games";
				INFOPLIST_KEY_UIApplicationSupportsIndirectInputEvents = YES;
				INFOPLIST_KEY_UILaunchStoryboardName = LaunchScreen;
				INFOPLIST_KEY_UIMainStoryboardFile = Main;
				INFOPLIST_KEY_UIStatusBarHidden = YES;
				INFOPLIST_KEY_UISupportedInterfaceOrientations_iPad = "UIInterfaceOrientationPortrait UIInterfaceOrientationPortraitUpsideDown UIInterfaceOrientationLandscapeLeft UIInterfaceOrientationLandscapeRight";
				INFOPLIST_KEY_UISupportedInterfaceOrientations_iPhone = "UIInterfaceOrientationPortrait UIInterfaceOrientationLandscapeLeft UIInterfaceOrientationLandscapeRight";
				LD_RUNPATH_SEARCH_PATHS = (
					"$(inherited)",
					"@executable_path/Frameworks",
				);
				MARKETING_VERSION = 1.0;
				PRODUCT_BUNDLE_IDENTIFIER = "com.devries-oliver.PongGame";
				PRODUCT_NAME = "$(TARGET_NAME)";
				SWIFT_EMIT_LOC_STRINGS = YES;
				SWIFT_VERSION = 5.0;
				TARGETED_DEVICE_FAMILY = "1,2";
			};
			name = Debug;
		};
		0631070029ECD08700BB4A62 /* Release */ = {
			isa = XCBuildConfiguration;
			buildSettings = {
				ASSETCATALOG_COMPILER_APPICON_NAME = AppIcon;
				ASSETCATALOG_COMPILER_GLOBAL_ACCENT_COLOR_NAME = AccentColor;
				CODE_SIGN_STYLE = Automatic;
				CURRENT_PROJECT_VERSION = 1;
				DEVELOPMENT_TEAM = LNY8R984DX;
				GENERATE_INFOPLIST_FILE = YES;
				INFOPLIST_KEY_LSApplicationCategoryType = "public.app-category.games";
				INFOPLIST_KEY_UIApplicationSupportsIndirectInputEvents = YES;
				INFOPLIST_KEY_UILaunchStoryboardName = LaunchScreen;
				INFOPLIST_KEY_UIMainStoryboardFile = Main;
				INFOPLIST_KEY_UIStatusBarHidden = YES;
				INFOPLIST_KEY_UISupportedInterfaceOrientations_iPad = "UIInterfaceOrientationPortrait UIInterfaceOrientationPortraitUpsideDown UIInterfaceOrientationLandscapeLeft UIInterfaceOrientationLandscapeRight";
				INFOPLIST_KEY_UISupportedInterfaceOrientations_iPhone = "UIInterfaceOrientationPortrait UIInterfaceOrientationLandscapeLeft UIInterfaceOrientationLandscapeRight";
				LD_RUNPATH_SEARCH_PATHS = (
					"$(inherited)",
					"@executable_path/Frameworks",
				);
				MARKETING_VERSION = 1.0;
				PRODUCT_BUNDLE_IDENTIFIER = "com.devries-oliver.PongGame";
				PRODUCT_NAME = "$(TARGET_NAME)";
				SWIFT_EMIT_LOC_STRINGS = YES;
				SWIFT_VERSION = 5.0;
				TARGETED_DEVICE_FAMILY = "1,2";
			};
			name = Release;
		};
		0631070229ECD08700BB4A62 /* Debug */ = {
			isa = XCBuildConfiguration;
			buildSettings = {
				ALWAYS_EMBED_SWIFT_STANDARD_LIBRARIES = YES;
				BUNDLE_LOADER = "$(TEST_HOST)";
				CODE_SIGN_STYLE = Automatic;
				CURRENT_PROJECT_VERSION = 1;
				DEVELOPMENT_TEAM = LNY8R984DX;
				GENERATE_INFOPLIST_FILE = YES;
				IPHONEOS_DEPLOYMENT_TARGET = 16.2;
				MARKETING_VERSION = 1.0;
				PRODUCT_BUNDLE_IDENTIFIER = "com.devries-oliver.PongGameTests";
				PRODUCT_NAME = "$(TARGET_NAME)";
				SWIFT_EMIT_LOC_STRINGS = NO;
				SWIFT_VERSION = 5.0;
				TARGETED_DEVICE_FAMILY = "1,2";
				TEST_HOST = "$(BUILT_PRODUCTS_DIR)/PongGame.app/$(BUNDLE_EXECUTABLE_FOLDER_PATH)/PongGame";
			};
			name = Debug;
		};
		0631070329ECD08700BB4A62 /* Release */ = {
			isa = XCBuildConfiguration;
			buildSettings = {
				ALWAYS_EMBED_SWIFT_STANDARD_LIBRARIES = YES;
				BUNDLE_LOADER = "$(TEST_HOST)";
				CODE_SIGN_STYLE = Automatic;
				CURRENT_PROJECT_VERSION = 1;
				DEVELOPMENT_TEAM = LNY8R984DX;
				GENERATE_INFOPLIST_FILE = YES;
				IPHONEOS_DEPLOYMENT_TARGET = 16.2;
				MARKETING_VERSION = 1.0;
				PRODUCT_BUNDLE_IDENTIFIER = "com.devries-oliver.PongGameTests";
				PRODUCT_NAME = "$(TARGET_NAME)";
				SWIFT_EMIT_LOC_STRINGS = NO;
				SWIFT_VERSION = 5.0;
				TARGETED_DEVICE_FAMILY = "1,2";
				TEST_HOST = "$(BUILT_PRODUCTS_DIR)/PongGame.app/$(BUNDLE_EXECUTABLE_FOLDER_PATH)/PongGame";
			};
			name = Release;
		};
		0631070529ECD08700BB4A62 /* Debug */ = {
			isa = XCBuildConfiguration;
			buildSettings = {
				ALWAYS_EMBED_SWIFT_STANDARD_LIBRARIES = YES;
				CODE_SIGN_STYLE = Automatic;
				CURRENT_PROJECT_VERSION = 1;
				DEVELOPMENT_TEAM = LNY8R984DX;
				GENERATE_INFOPLIST_FILE = YES;
				MARKETING_VERSION = 1.0;
				PRODUCT_BUNDLE_IDENTIFIER = "com.devries-oliver.PongGameUITests";
				PRODUCT_NAME = "$(TARGET_NAME)";
				SWIFT_EMIT_LOC_STRINGS = NO;
				SWIFT_VERSION = 5.0;
				TARGETED_DEVICE_FAMILY = "1,2";
				TEST_TARGET_NAME = PongGame;
			};
			name = Debug;
		};
		0631070629ECD08700BB4A62 /* Release */ = {
			isa = XCBuildConfiguration;
			buildSettings = {
				ALWAYS_EMBED_SWIFT_STANDARD_LIBRARIES = YES;
				CODE_SIGN_STYLE = Automatic;
				CURRENT_PROJECT_VERSION = 1;
				DEVELOPMENT_TEAM = LNY8R984DX;
				GENERATE_INFOPLIST_FILE = YES;
				MARKETING_VERSION = 1.0;
				PRODUCT_BUNDLE_IDENTIFIER = "com.devries-oliver.PongGameUITests";
				PRODUCT_NAME = "$(TARGET_NAME)";
				SWIFT_EMIT_LOC_STRINGS = NO;
				SWIFT_VERSION = 5.0;
				TARGETED_DEVICE_FAMILY = "1,2";
				TEST_TARGET_NAME = PongGame;
			};
			name = Release;
		};
/* End XCBuildConfiguration section */

/* Begin XCConfigurationList section */
		063106CC29ECD08200BB4A62 /* Build configuration list for PBXProject "PongGame" */ = {
			isa = XCConfigurationList;
			buildConfigurations = (
				063106FC29ECD08700BB4A62 /* Debug */,
				063106FD29ECD08700BB4A62 /* Release */,
			);
			defaultConfigurationIsVisible = 0;
			defaultConfigurationName = Release;
		};
		063106FE29ECD08700BB4A62 /* Build configuration list for PBXNativeTarget "PongGame" */ = {
			isa = XCConfigurationList;
			buildConfigurations = (
				063106FF29ECD08700BB4A62 /* Debug */,
				0631070029ECD08700BB4A62 /* Release */,
			);
			defaultConfigurationIsVisible = 0;
			defaultConfigurationName = Release;
		};
		0631070129ECD08700BB4A62 /* Build configuration list for PBXNativeTarget "PongGameTests" */ = {
			isa = XCConfigurationList;
			buildConfigurations = (
				0631070229ECD08700BB4A62 /* Debug */,
				0631070329ECD08700BB4A62 /* Release */,
			);
			defaultConfigurationIsVisible = 0;
			defaultConfigurationName = Release;
		};
		0631070429ECD08700BB4A62 /* Build configuration list for PBXNativeTarget "PongGameUITests" */ = {
			isa = XCConfigurationList;
			buildConfigurations = (
				0631070529ECD08700BB4A62 /* Debug */,
				0631070629ECD08700BB4A62 /* Release */,
			);
			defaultConfigurationIsVisible = 0;
			defaultConfigurationName = Release;
		};
/* End XCConfigurationList section */
	};
	rootObject = 063106C929ECD08200BB4A62 /* Project object */;
}
